
Microsoft Visual Studio Solution File, Format Version 12.00
# Visual Studio Version 17
VisualStudioVersion = 17.0.31912.275
MinimumVisualStudioVersion = 10.0.40219.1
Project("{9A19103F-16F7-4668-BE54-9A1E7A4F7556}") = "Sundew.Packaging.Publish", "Sundew.Packaging.Publish\Sundew.Packaging.Publish.csproj", "{8E83995F-3B2D-48ED-B9E6-C2FA67BFCB6B}"
	ProjectSection(ProjectDependencies) = postProject
		{87E650BB-5EB9-4BE9-BE14-5A93D15E655E} = {87E650BB-5EB9-4BE9-BE14-5A93D15E655E}
	EndProjectSection
EndProject
Project("{9A19103F-16F7-4668-BE54-9A1E7A4F7556}") = "Sundew.Packaging.Publish.UnitTests", "Sundew.Packaging.Publish.UnitTests\Sundew.Packaging.Publish.UnitTests.csproj", "{15503FBB-CE4B-40B1-9E1C-35A40D9107A4}"
EndProject
Project("{9A19103F-16F7-4668-BE54-9A1E7A4F7556}") = "NuGet.Runtime.Hack", "NuGet.Runtime.Hack\NuGet.Runtime.Hack.csproj", "{87E650BB-5EB9-4BE9-BE14-5A93D15E655E}"
EndProject
Project("{2150E333-8FDC-42A3-9474-1A3956D46DE8}") = "Solution Items", "Solution Items", "{035406AB-4F0F-48DF-8914-7C2C09C59FB4}"
	ProjectSection(SolutionItems) = preProject
		.editorconfig = .editorconfig
		Directory.Build.props = Directory.Build.props
		Directory.Build.props.user = Directory.Build.props.user
		Directory.Build.targets = Directory.Build.targets
		..\.github\workflows\dotnet.yml = ..\.github\workflows\dotnet.yml
		..\README.md = ..\README.md
	EndProjectSection
EndProject
Project("{9A19103F-16F7-4668-BE54-9A1E7A4F7556}") = "Sundew.Packaging.Tool", "Sundew.Packaging.Tool\Sundew.Packaging.Tool.csproj", "{187B0ED5-7679-485F-A4A9-E94158A27046}"
	ProjectSection(ProjectDependencies) = postProject
		{8E83995F-3B2D-48ED-B9E6-C2FA67BFCB6B} = {8E83995F-3B2D-48ED-B9E6-C2FA67BFCB6B}
	EndProjectSection
EndProject
Project("{9A19103F-16F7-4668-BE54-9A1E7A4F7556}") = "Sundew.Packaging", "Sundew.Packaging\Sundew.Packaging.csproj", "{C1E3D4E7-A8C5-4000-8A38-348DF697439B}"
EndProject
Project("{9A19103F-16F7-4668-BE54-9A1E7A4F7556}") = "Sundew.Packaging.Testing", "Sundew.Packaging.Testing\Sundew.Packaging.Testing.csproj", "{4830623B-642B-46D8-8F59-207B13C3CC31}"
EndProject
Project("{9A19103F-16F7-4668-BE54-9A1E7A4F7556}") = "Sundew.Packaging.Tool.Tests", "Sundew.Packaging.Tool.Tests\Sundew.Packaging.Tool.Tests.csproj", "{CA447BC0-B513-4DDB-8044-8A28ED195D80}"
EndProject
Project("{9A19103F-16F7-4668-BE54-9A1E7A4F7556}") = "PaketLocalUpdate", "PaketLocalUpdate\PaketLocalUpdate.csproj", "{F2EEB2C7-EC0D-40E1-B7D6-D5DA86CDD153}"
EndProject
Project("{9A19103F-16F7-4668-BE54-9A1E7A4F7556}") = "PaketLocalUpdate.Tests", "PaketLocalUpdate.Tests\PaketLocalUpdate.Tests.csproj", "{EE6E6B3B-3359-40B4-ACEE-23ED8DB6D1A7}"
EndProject
Project("{2150E333-8FDC-42A3-9474-1A3956D46DE8}") = "ToolsForLegacyRuntimes", "ToolsForLegacyRuntimes", "{7C1E1038-D4E2-4179-A50B-74921A1BE24E}"
EndProject
Project("{9A19103F-16F7-4668-BE54-9A1E7A4F7556}") = "PaketLocalUpdate-net6.0", "PaketLocalUpdate-net6.0\PaketLocalUpdate-net6.0.csproj", "{69637045-04B6-4AAF-9177-2ED33B89C5E8}"
EndProject
Project("{9A19103F-16F7-4668-BE54-9A1E7A4F7556}") = "Sundew.Packaging.Tool-net6.0", "Sundew.Packaging.Tool-net6.0\Sundew.Packaging.Tool-net6.0.csproj", "{0095B5EB-CF69-4DAA-8F95-AA477360EB47}"
EndProject
Project("{9A19103F-16F7-4668-BE54-9A1E7A4F7556}") = "PaketLocalUpdate-net7.0", "PaketLocalUpdate-net7.0\PaketLocalUpdate-net7.0.csproj", "{46AD04E0-F50E-4824-9061-2227444A6B74}"
EndProject
Project("{9A19103F-16F7-4668-BE54-9A1E7A4F7556}") = "Sundew.Packaging.Tool-net7.0", "Sundew.Packaging.Tool-net7.0\Sundew.Packaging.Tool-net7.0.csproj", "{CA921D49-EDEE-43DE-B8E4-EBE3A488F27E}"
EndProject
Global
	GlobalSection(SolutionConfigurationPlatforms) = preSolution
		Debug|Any CPU = Debug|Any CPU
		DebugNoSelfVersioning|Any CPU = DebugNoSelfVersioning|Any CPU
		Release|Any CPU = Release|Any CPU
		Release-Stable|Any CPU = Release-Stable|Any CPU
	EndGlobalSection
	GlobalSection(ProjectConfigurationPlatforms) = postSolution
		{8E83995F-3B2D-48ED-B9E6-C2FA67BFCB6B}.Debug|Any CPU.ActiveCfg = Debug|Any CPU
		{8E83995F-3B2D-48ED-B9E6-C2FA67BFCB6B}.Debug|Any CPU.Build.0 = Debug|Any CPU
		{8E83995F-3B2D-48ED-B9E6-C2FA67BFCB6B}.DebugNoSelfVersioning|Any CPU.ActiveCfg = DebugNoSelfVersioning|Any CPU
		{8E83995F-3B2D-48ED-B9E6-C2FA67BFCB6B}.DebugNoSelfVersioning|Any CPU.Build.0 = DebugNoSelfVersioning|Any CPU
		{8E83995F-3B2D-48ED-B9E6-C2FA67BFCB6B}.Release|Any CPU.ActiveCfg = Release|Any CPU
		{8E83995F-3B2D-48ED-B9E6-C2FA67BFCB6B}.Release|Any CPU.Build.0 = Release|Any CPU
		{8E83995F-3B2D-48ED-B9E6-C2FA67BFCB6B}.Release-Stable|Any CPU.ActiveCfg = Release-Stable|Any CPU
		{8E83995F-3B2D-48ED-B9E6-C2FA67BFCB6B}.Release-Stable|Any CPU.Build.0 = Release-Stable|Any CPU
		{15503FBB-CE4B-40B1-9E1C-35A40D9107A4}.Debug|Any CPU.ActiveCfg = Debug|Any CPU
		{15503FBB-CE4B-40B1-9E1C-35A40D9107A4}.Debug|Any CPU.Build.0 = Debug|Any CPU
		{15503FBB-CE4B-40B1-9E1C-35A40D9107A4}.DebugNoSelfVersioning|Any CPU.ActiveCfg = DebugNoSelfVersioning|Any CPU
		{15503FBB-CE4B-40B1-9E1C-35A40D9107A4}.DebugNoSelfVersioning|Any CPU.Build.0 = DebugNoSelfVersioning|Any CPU
		{15503FBB-CE4B-40B1-9E1C-35A40D9107A4}.Release|Any CPU.ActiveCfg = Release|Any CPU
		{15503FBB-CE4B-40B1-9E1C-35A40D9107A4}.Release|Any CPU.Build.0 = Release|Any CPU
		{15503FBB-CE4B-40B1-9E1C-35A40D9107A4}.Release-Stable|Any CPU.ActiveCfg = Release-Stable|Any CPU
		{15503FBB-CE4B-40B1-9E1C-35A40D9107A4}.Release-Stable|Any CPU.Build.0 = Release-Stable|Any CPU
		{87E650BB-5EB9-4BE9-BE14-5A93D15E655E}.Debug|Any CPU.ActiveCfg = Debug|Any CPU
		{87E650BB-5EB9-4BE9-BE14-5A93D15E655E}.Debug|Any CPU.Build.0 = Debug|Any CPU
		{87E650BB-5EB9-4BE9-BE14-5A93D15E655E}.DebugNoSelfVersioning|Any CPU.ActiveCfg = DebugNoSelfVersioning|Any CPU
		{87E650BB-5EB9-4BE9-BE14-5A93D15E655E}.DebugNoSelfVersioning|Any CPU.Build.0 = DebugNoSelfVersioning|Any CPU
		{87E650BB-5EB9-4BE9-BE14-5A93D15E655E}.Release|Any CPU.ActiveCfg = Release|Any CPU
		{87E650BB-5EB9-4BE9-BE14-5A93D15E655E}.Release|Any CPU.Build.0 = Release|Any CPU
		{87E650BB-5EB9-4BE9-BE14-5A93D15E655E}.Release-Stable|Any CPU.ActiveCfg = Release-Stable|Any CPU
		{87E650BB-5EB9-4BE9-BE14-5A93D15E655E}.Release-Stable|Any CPU.Build.0 = Release-Stable|Any CPU
		{187B0ED5-7679-485F-A4A9-E94158A27046}.Debug|Any CPU.ActiveCfg = Debug|Any CPU
		{187B0ED5-7679-485F-A4A9-E94158A27046}.Debug|Any CPU.Build.0 = Debug|Any CPU
		{187B0ED5-7679-485F-A4A9-E94158A27046}.DebugNoSelfVersioning|Any CPU.ActiveCfg = DebugNoSelfVersioning|Any CPU
		{187B0ED5-7679-485F-A4A9-E94158A27046}.DebugNoSelfVersioning|Any CPU.Build.0 = DebugNoSelfVersioning|Any CPU
		{187B0ED5-7679-485F-A4A9-E94158A27046}.Release|Any CPU.ActiveCfg = Release|Any CPU
		{187B0ED5-7679-485F-A4A9-E94158A27046}.Release|Any CPU.Build.0 = Release|Any CPU
		{187B0ED5-7679-485F-A4A9-E94158A27046}.Release-Stable|Any CPU.ActiveCfg = Release|Any CPU
		{187B0ED5-7679-485F-A4A9-E94158A27046}.Release-Stable|Any CPU.Build.0 = Release|Any CPU
		{C1E3D4E7-A8C5-4000-8A38-348DF697439B}.Debug|Any CPU.ActiveCfg = Debug|Any CPU
		{C1E3D4E7-A8C5-4000-8A38-348DF697439B}.Debug|Any CPU.Build.0 = Debug|Any CPU
		{C1E3D4E7-A8C5-4000-8A38-348DF697439B}.DebugNoSelfVersioning|Any CPU.ActiveCfg = DebugNoSelfVersioning|Any CPU
		{C1E3D4E7-A8C5-4000-8A38-348DF697439B}.DebugNoSelfVersioning|Any CPU.Build.0 = DebugNoSelfVersioning|Any CPU
		{C1E3D4E7-A8C5-4000-8A38-348DF697439B}.Release|Any CPU.ActiveCfg = Release|Any CPU
		{C1E3D4E7-A8C5-4000-8A38-348DF697439B}.Release|Any CPU.Build.0 = Release|Any CPU
		{C1E3D4E7-A8C5-4000-8A38-348DF697439B}.Release-Stable|Any CPU.ActiveCfg = Release|Any CPU
		{C1E3D4E7-A8C5-4000-8A38-348DF697439B}.Release-Stable|Any CPU.Build.0 = Release|Any CPU
		{4830623B-642B-46D8-8F59-207B13C3CC31}.Debug|Any CPU.ActiveCfg = Debug|Any CPU
		{4830623B-642B-46D8-8F59-207B13C3CC31}.Debug|Any CPU.Build.0 = Debug|Any CPU
		{4830623B-642B-46D8-8F59-207B13C3CC31}.DebugNoSelfVersioning|Any CPU.ActiveCfg = DebugNoSelfVersioning|Any CPU
		{4830623B-642B-46D8-8F59-207B13C3CC31}.DebugNoSelfVersioning|Any CPU.Build.0 = DebugNoSelfVersioning|Any CPU
		{4830623B-642B-46D8-8F59-207B13C3CC31}.Release|Any CPU.ActiveCfg = Release|Any CPU
		{4830623B-642B-46D8-8F59-207B13C3CC31}.Release|Any CPU.Build.0 = Release|Any CPU
		{4830623B-642B-46D8-8F59-207B13C3CC31}.Release-Stable|Any CPU.ActiveCfg = Release|Any CPU
		{4830623B-642B-46D8-8F59-207B13C3CC31}.Release-Stable|Any CPU.Build.0 = Release|Any CPU
		{CA447BC0-B513-4DDB-8044-8A28ED195D80}.Debug|Any CPU.ActiveCfg = Debug|Any CPU
		{CA447BC0-B513-4DDB-8044-8A28ED195D80}.Debug|Any CPU.Build.0 = Debug|Any CPU
		{CA447BC0-B513-4DDB-8044-8A28ED195D80}.DebugNoSelfVersioning|Any CPU.ActiveCfg = DebugNoSelfVersioning|Any CPU
		{CA447BC0-B513-4DDB-8044-8A28ED195D80}.DebugNoSelfVersioning|Any CPU.Build.0 = DebugNoSelfVersioning|Any CPU
		{CA447BC0-B513-4DDB-8044-8A28ED195D80}.Release|Any CPU.ActiveCfg = Release|Any CPU
		{CA447BC0-B513-4DDB-8044-8A28ED195D80}.Release|Any CPU.Build.0 = Release|Any CPU
		{CA447BC0-B513-4DDB-8044-8A28ED195D80}.Release-Stable|Any CPU.ActiveCfg = Release|Any CPU
		{CA447BC0-B513-4DDB-8044-8A28ED195D80}.Release-Stable|Any CPU.Build.0 = Release|Any CPU
		{F2EEB2C7-EC0D-40E1-B7D6-D5DA86CDD153}.Debug|Any CPU.ActiveCfg = Debug|Any CPU
		{F2EEB2C7-EC0D-40E1-B7D6-D5DA86CDD153}.Debug|Any CPU.Build.0 = Debug|Any CPU
		{F2EEB2C7-EC0D-40E1-B7D6-D5DA86CDD153}.DebugNoSelfVersioning|Any CPU.ActiveCfg = DebugNoSelfVersioning|Any CPU
		{F2EEB2C7-EC0D-40E1-B7D6-D5DA86CDD153}.DebugNoSelfVersioning|Any CPU.Build.0 = DebugNoSelfVersioning|Any CPU
		{F2EEB2C7-EC0D-40E1-B7D6-D5DA86CDD153}.Release|Any CPU.ActiveCfg = Release|Any CPU
		{F2EEB2C7-EC0D-40E1-B7D6-D5DA86CDD153}.Release|Any CPU.Build.0 = Release|Any CPU
		{F2EEB2C7-EC0D-40E1-B7D6-D5DA86CDD153}.Release-Stable|Any CPU.ActiveCfg = ReleaseDebug without self versioning|Any CPU
		{F2EEB2C7-EC0D-40E1-B7D6-D5DA86CDD153}.Release-Stable|Any CPU.Build.0 = ReleaseDebug without self versioning|Any CPU
		{EE6E6B3B-3359-40B4-ACEE-23ED8DB6D1A7}.Debug|Any CPU.ActiveCfg = Debug|Any CPU
		{EE6E6B3B-3359-40B4-ACEE-23ED8DB6D1A7}.Debug|Any CPU.Build.0 = Debug|Any CPU
		{EE6E6B3B-3359-40B4-ACEE-23ED8DB6D1A7}.DebugNoSelfVersioning|Any CPU.ActiveCfg = DebugNoSelfVersioning|Any CPU
		{EE6E6B3B-3359-40B4-ACEE-23ED8DB6D1A7}.DebugNoSelfVersioning|Any CPU.Build.0 = DebugNoSelfVersioning|Any CPU
		{EE6E6B3B-3359-40B4-ACEE-23ED8DB6D1A7}.Release|Any CPU.ActiveCfg = Release|Any CPU
		{EE6E6B3B-3359-40B4-ACEE-23ED8DB6D1A7}.Release|Any CPU.Build.0 = Release|Any CPU
		{EE6E6B3B-3359-40B4-ACEE-23ED8DB6D1A7}.Release-Stable|Any CPU.ActiveCfg = Release|Any CPU
		{EE6E6B3B-3359-40B4-ACEE-23ED8DB6D1A7}.Release-Stable|Any CPU.Build.0 = Release|Any CPU
		{69637045-04B6-4AAF-9177-2ED33B89C5E8}.Debug|Any CPU.ActiveCfg = Debug|Any CPU
		{69637045-04B6-4AAF-9177-2ED33B89C5E8}.Debug|Any CPU.Build.0 = Debug|Any CPU
		{69637045-04B6-4AAF-9177-2ED33B89C5E8}.DebugNoSelfVersioning|Any CPU.ActiveCfg = DebugNoSelfVersioning|Any CPU
		{69637045-04B6-4AAF-9177-2ED33B89C5E8}.DebugNoSelfVersioning|Any CPU.Build.0 = DebugNoSelfVersioning|Any CPU
		{69637045-04B6-4AAF-9177-2ED33B89C5E8}.Release|Any CPU.ActiveCfg = Release|Any CPU
		{69637045-04B6-4AAF-9177-2ED33B89C5E8}.Release|Any CPU.Build.0 = Release|Any CPU
		{69637045-04B6-4AAF-9177-2ED33B89C5E8}.Release-Stable|Any CPU.ActiveCfg = Release|Any CPU
		{69637045-04B6-4AAF-9177-2ED33B89C5E8}.Release-Stable|Any CPU.Build.0 = Release|Any CPU
		{0095B5EB-CF69-4DAA-8F95-AA477360EB47}.Debug|Any CPU.ActiveCfg = Debug|Any CPU
		{0095B5EB-CF69-4DAA-8F95-AA477360EB47}.Debug|Any CPU.Build.0 = Debug|Any CPU
		{0095B5EB-CF69-4DAA-8F95-AA477360EB47}.DebugNoSelfVersioning|Any CPU.ActiveCfg = DebugNoSelfVersioning|Any CPU
		{0095B5EB-CF69-4DAA-8F95-AA477360EB47}.DebugNoSelfVersioning|Any CPU.Build.0 = DebugNoSelfVersioning|Any CPU
		{0095B5EB-CF69-4DAA-8F95-AA477360EB47}.Release|Any CPU.ActiveCfg = Release|Any CPU
		{0095B5EB-CF69-4DAA-8F95-AA477360EB47}.Release|Any CPU.Build.0 = Release|Any CPU
		{0095B5EB-CF69-4DAA-8F95-AA477360EB47}.Release-Stable|Any CPU.ActiveCfg = Release|Any CPU
		{0095B5EB-CF69-4DAA-8F95-AA477360EB47}.Release-Stable|Any CPU.Build.0 = Release|Any CPU
		{46AD04E0-F50E-4824-9061-2227444A6B74}.Debug|Any CPU.ActiveCfg = Debug|Any CPU
		{46AD04E0-F50E-4824-9061-2227444A6B74}.Debug|Any CPU.Build.0 = Debug|Any CPU
		{46AD04E0-F50E-4824-9061-2227444A6B74}.DebugNoSelfVersioning|Any CPU.ActiveCfg = DebugNoSelfVersioning|Any CPU
		{46AD04E0-F50E-4824-9061-2227444A6B74}.DebugNoSelfVersioning|Any CPU.Build.0 = DebugNoSelfVersioning|Any CPU
		{46AD04E0-F50E-4824-9061-2227444A6B74}.Release|Any CPU.ActiveCfg = Release|Any CPU
		{46AD04E0-F50E-4824-9061-2227444A6B74}.Release|Any CPU.Build.0 = Release|Any CPU
		{46AD04E0-F50E-4824-9061-2227444A6B74}.Release-Stable|Any CPU.ActiveCfg = Release|Any CPU
		{46AD04E0-F50E-4824-9061-2227444A6B74}.Release-Stable|Any CPU.Build.0 = Release|Any CPU
		{CA921D49-EDEE-43DE-B8E4-EBE3A488F27E}.Debug|Any CPU.ActiveCfg = Debug|Any CPU
		{CA921D49-EDEE-43DE-B8E4-EBE3A488F27E}.Debug|Any CPU.Build.0 = Debug|Any CPU
		{CA921D49-EDEE-43DE-B8E4-EBE3A488F27E}.DebugNoSelfVersioning|Any CPU.ActiveCfg = DebugNoSelfVersioning|Any CPU
		{CA921D49-EDEE-43DE-B8E4-EBE3A488F27E}.DebugNoSelfVersioning|Any CPU.Build.0 = DebugNoSelfVersioning|Any CPU
		{CA921D49-EDEE-43DE-B8E4-EBE3A488F27E}.Release|Any CPU.ActiveCfg = Release|Any CPU
		{CA921D49-EDEE-43DE-B8E4-EBE3A488F27E}.Release|Any CPU.Build.0 = Release|Any CPU
		{CA921D49-EDEE-43DE-B8E4-EBE3A488F27E}.Release-Stable|Any CPU.ActiveCfg = Release|Any CPU
		{CA921D49-EDEE-43DE-B8E4-EBE3A488F27E}.Release-Stable|Any CPU.Build.0 = Release|Any CPU
	EndGlobalSection
	GlobalSection(SolutionProperties) = preSolution
		HideSolutionNode = FALSE
	EndGlobalSection
	GlobalSection(NestedProjects) = preSolution
		{69637045-04B6-4AAF-9177-2ED33B89C5E8} = {7C1E1038-D4E2-4179-A50B-74921A1BE24E}
		{0095B5EB-CF69-4DAA-8F95-AA477360EB47} = {7C1E1038-D4E2-4179-A50B-74921A1BE24E}
		{46AD04E0-F50E-4824-9061-2227444A6B74} = {7C1E1038-D4E2-4179-A50B-74921A1BE24E}
		{CA921D49-EDEE-43DE-B8E4-EBE3A488F27E} = {7C1E1038-D4E2-4179-A50B-74921A1BE24E}
	EndGlobalSection
	GlobalSection(ExtensibilityGlobals) = postSolution
		SolutionGuid = {8B6263BC-23FD-48F1-9017-3A96176E3F97}
	EndGlobalSection
EndGlobal
